{
  "name": "@liquefy/ui-abstract",
  "version": "1.0.0",
  "lockfileVersion": 3,
  "requires": true,
  "packages": {
    "": {
      "name": "@liquefy/ui-abstract",
      "version": "1.0.0",
      "license": "ISC",
      "peerDependencies": {
        "@liquefy/flow.core": "file:../../flow.core",
        "@liquefy/flow.DOM": "file:../../flow.DOM",
        "@liquefy/themed-ui": "file:../themed"
      }
    },
    "../../flow.core": {
      "name": "@liquefy/flow.core",
      "version": "1.0.0",
      "license": "ISC",
      "peer": true,
      "peerDependencies": {
        "@liquefy/causaility": "file:../causality"
      }
    },
    "../../flow.DOM": {
      "version": "1.0.0",
      "license": "ISC",
      "peer": true,
      "peerDependencies": {
        "@liquefy/flow.core": "file:../flow.core",
        "@liquefy/flow.DOMAnimation": "file:../flow.DOMAnimation"
      }
    },
    "../themed": {
      "name": "@liquefy/ui-themed",
      "version": "1.0.0",
      "license": "ISC",
      "peer": true,
      "peerDependencies": {
        "@liquefy/flow.core": "file:../../flow.core",
        "@liquefy/flow.DOM": "file:../../flow.DOM"
      }
    },
    "node_modules/@liquefy/flow.core": {
      "resolved": "../../flow.core",
      "link": true
    },
    "node_modules/@liquefy/flow.DOM": {
      "resolved": "../../flow.DOM",
      "link": true
    },
    "node_modules/@liquefy/themed-ui": {
      "resolved": "../themed",
      "link": true
    }
  }
}
