{
  "name": "@liquefy/ui-themed",
  "version": "1.0.0",
  "lockfileVersion": 3,
  "requires": true,
  "packages": {
    "": {
      "name": "@liquefy/ui-themed",
      "version": "1.0.0",
      "license": "ISC",
      "peerDependencies": {
        "@liquefy/flow.core": "file:../../flow.core",
        "@liquefy/flow.dom": "file:../../flow.DOM"
      }
    },
    "../../flow.core": {
      "name": "@liquefy/flow.core",
      "version": "1.0.0",
      "license": "ISC",
      "peer": true,
      "peerDependencies": {
        "@liquefy/causaility": "file:../causality"
      }
    },
    "../../flow.DOM": {
      "name": "@liquefy/flow.dom",
      "version": "1.0.0",
      "license": "ISC",
      "peer": true,
      "peerDependencies": {
        "@liquefy/flow.core": "file:../flow.core",
        "@liquefy/flow.domAnimation": "file:../flow.DOMAnimation"
      }
    },
    "node_modules/@liquefy/flow.core": {
      "resolved": "../../flow.core",
      "link": true
    },
    "node_modules/@liquefy/flow.dom": {
      "resolved": "../../flow.DOM",
      "link": true
    }
  }
}
