{
  "name": "flow",
  "version": "1.0.0",
  "lockfileVersion": 3,
  "requires": true,
  "packages": {
    "": {
      "name": "flow",
      "version": "1.0.0",
      "license": "ISC",
      "devDependencies": {},
      "peerDependencies": {
        "@liquefy/causality": "file:../causality",
        "@liquefy/flow.core": "file:../flow.core",
        "@liquefy/flow.DOM": "file:../flow.DOM"
      }
    },
    "../causality": {
      "name": "@liquefy/causality",
      "version": "3.0.0",
      "license": "ISC",
      "peer": true,
      "devDependencies": {
        "eslint": "^6.8.0",
        "mobx": "^5.15.4",
        "mocha": "^10.4.0",
        "vite": "^5.3.1"
      }
    },
    "../flow.core": {
      "name": "@liquefy/flow.core",
      "version": "1.0.0",
      "license": "ISC",
      "peer": true,
      "peerDependencies": {
        "@liquefy/causaility": "file:../causality"
      }
    },
    "../flow.DOM": {
      "version": "1.0.0",
      "license": "ISC",
      "peer": true,
      "peerDependencies": {
        "@liquefy/flow.core": "file:../flow.core",
        "@liquefy/flow.DOMAnimation": "file:../flow.DOMAnimation"
      }
    },
    "../flow.DOMAnimation": {
      "name": "flow.DOM",
      "version": "1.0.0",
      "extraneous": true,
      "license": "ISC",
      "peerDependencies": {
        "@liquefy/flow.core": "file:../flow.core",
        "@liquefy/flow.DOM": "file:../flow.DOM"
      }
    },
    "causality": {
      "extraneous": true
    },
    "core": {
      "name": "@liquefy/flow.core",
      "version": "1.0.0",
      "extraneous": true,
      "license": "ISC",
      "devDependencies": {
        "rollup-plugin-deps-external": "^0.2.1",
        "vite": "^5.3.1"
      },
      "peerDependencies": {
        "@liquefy/causaility": "file:../../causality"
      }
    },
    "DOM": {
      "name": "flow.DOM",
      "version": "1.0.0",
      "extraneous": true,
      "license": "ISC",
      "devDependencies": {
        "vite": "^5.3.1"
      },
      "peerDependencies": {
        "@liquefy/flow.core": "file:../core"
      }
    },
    "node_modules/@liquefy/causality": {
      "resolved": "../causality",
      "link": true
    },
    "node_modules/@liquefy/flow.core": {
      "resolved": "../flow.core",
      "link": true
    },
    "node_modules/@liquefy/flow.DOM": {
      "resolved": "../flow.DOM",
      "link": true
    }
  }
}
