{
  "name": "@liquefy/basic-ui",
  "version": "1.0.0",
  "lockfileVersion": 3,
  "requires": true,
  "packages": {
    "": {
      "name": "@liquefy/basic-ui",
      "version": "1.0.0",
      "license": "ISC",
      "peerDependencies": {
        "@liquefy/flow.core": "file:../../flow.core",
        "@liquefy/flow.DOM": "file:../../flow.DOM"
      }
    },
    "../../flow.core": {
      "name": "@liquefy/flow.core",
      "version": "1.0.0",
      "license": "ISC",
      "peer": true,
      "peerDependencies": {
        "@liquefy/causaility": "file:../causality"
      }
    },
    "../../flow.DOM": {
      "version": "1.0.0",
      "license": "ISC",
      "peer": true,
      "peerDependencies": {
        "@liquefy/flow.core": "file:../flow.core",
        "@liquefy/flow.DOMAnimation": "file:../flow.DOMAnimation"
      }
    },
    "../causality": {
      "name": "@liquefy/causality",
      "version": "3.0.0",
      "extraneous": true,
      "license": "ISC",
      "devDependencies": {
        "eslint": "^6.8.0",
        "mobx": "^5.15.4",
        "mocha": "^10.4.0",
        "vite": "^5.3.1"
      }
    },
    "../flow": {
      "version": "1.0.0",
      "extraneous": true,
      "license": "ISC",
      "devDependencies": {},
      "peerDependencies": {
        "@liquefy/causality": "file:../causality",
        "@liquefy/flow.core": "file:../flow.core",
        "@liquefy/flow.DOM": "file:../flow.DOM"
      }
    },
    "../flow.core": {
      "name": "@liquefy/flow.core",
      "version": "1.0.0",
      "extraneous": true,
      "license": "ISC",
      "peerDependencies": {
        "@liquefy/causaility": "file:../causality"
      }
    },
    "../flow.DOM": {
      "version": "1.0.0",
      "extraneous": true,
      "license": "ISC",
      "peerDependencies": {
        "@liquefy/flow.core": "file:../flow.core",
        "@liquefy/flow.DOMAnimation": "file:../flow.DOMAnimation"
      }
    },
    "node_modules/@liquefy/flow.core": {
      "resolved": "../../flow.core",
      "link": true
    },
    "node_modules/@liquefy/flow.DOM": {
      "resolved": "../../flow.DOM",
      "link": true
    }
  }
}
