{
  "name": "flow.DOM",
  "version": "1.0.0",
  "lockfileVersion": 3,
  "requires": true,
  "packages": {
    "": {
      "name": "flow.DOM",
      "version": "1.0.0",
      "license": "ISC",
      "peerDependencies": {
        "@liquefy/flow.core": "file:../flow.core",
        "@liquefy/flow.DOMAnimation": "file:../flow.DOMAnimation"
      }
    },
    "../core": {
      "extraneous": true
    },
    "../flow.core": {
      "name": "@liquefy/flow.core",
      "version": "1.0.0",
      "license": "ISC",
      "peer": true,
      "peerDependencies": {
        "@liquefy/causaility": "file:../causality"
      }
    },
    "../flow.DOMAnimation": {
      "peer": true
    },
    "node_modules/@liquefy/flow.core": {
      "resolved": "../flow.core",
      "link": true
    },
    "node_modules/@liquefy/flow.DOMAnimation": {
      "resolved": "../flow.DOMAnimation",
      "link": true
    }
  }
}
