{
  "name": "@liquefy/basicUI",
  "version": "1.0.0",
  "lockfileVersion": 3,
  "requires": true,
  "packages": {
    "": {
      "name": "@liquefy/basicUI",
      "version": "1.0.0",
      "license": "ISC",
      "dependencies": {
        "@liquefy/flow": "file:../flow"
      }
    },
    "../flow": {
      "name": "flow",
      "version": "1.0.0",
      "license": "ISC",
      "dependencies": {
        "@liquefy/causality": "file:../causality",
        "@liquefy/flow.core": "file:../flow.core",
        "@liquefy/flow.DOM": "file:../flow.DOM"
      },
      "devDependencies": {
        "vite": "^5.3.1"
      }
    },
    "node_modules/@liquefy/flow": {
      "resolved": "../flow",
      "link": true
    }
  }
}
